// !$*UTF8*$!
{
	archiveVersion = 1;
	classes = {
	};
	objectVersion = 50;
	objects = {

/* Begin PBXBuildFile section */
		4E031A0C269CF16500180C93 /* GIFTestViewModel.swift in Sources */ = {isa = PBXBuildFile; fileRef = 4E031A0B269CF16500180C93 /* GIFTestViewModel.swift */; };
		4E031A0F269D0C0D00180C93 /* GIFModel.swift in Sources */ = {isa = PBXBuildFile; fileRef = 4E031A0E269D0C0D00180C93 /* GIFModel.swift */; };
		4E17F473268E69EE0036FF8F /* ColorPickerText.swift in Sources */ = {isa = PBXBuildFile; fileRef = 4E17F472268E69EE0036FF8F /* ColorPickerText.swift */; };
		4E48CCC4268F726F007D759B /* ImageTestView.swift in Sources */ = {isa = PBXBuildFile; fileRef = 4E48CCC3268F726F007D759B /* ImageTestView.swift */; };
		4E6C4FFC2696176700013C83 /* NetworkError.swift in Sources */ = {isa = PBXBuildFile; fileRef = 4E6C4FFB2696176700013C83 /* NetworkError.swift */; };
		4E6C4FFF26961BFF00013C83 /* TenorURL.swift in Sources */ = {isa = PBXBuildFile; fileRef = 4E6C4FFE26961BFF00013C83 /* TenorURL.swift */; };
		4E729B97269CC08000E7D465 /* HStack+extensions.swift in Sources */ = {isa = PBXBuildFile; fileRef = 4E729B96269CC08000E7D465 /* HStack+extensions.swift */; };
		4E7D856D26BB27070004C190 /* LazyHorizontalGrid.swift in Sources */ = {isa = PBXBuildFile; fileRef = 4E7D856C26BB27070004C190 /* LazyHorizontalGrid.swift */; };
		4E81899426A63AA700595476 /* error.gif in Resources */ = {isa = PBXBuildFile; fileRef = 4E81899326A63AA700595476 /* error.gif */; };
		4E8B638726A246A9005946D0 /* Animate.swift in Sources */ = {isa = PBXBuildFile; fileRef = 4E8B638626A246A9005946D0 /* Animate.swift */; };
		C908733C2693682A00B88B60 /* CustomImage.swift in Sources */ = {isa = PBXBuildFile; fileRef = C908733B2693682A00B88B60 /* CustomImage.swift */; };
		C908734026936DB300B88B60 /* GIFTestView.swift in Sources */ = {isa = PBXBuildFile; fileRef = C908733F26936DB300B88B60 /* GIFTestView.swift */; };
		C90873422693728A00B88B60 /* CustomNavigation.swift in Sources */ = {isa = PBXBuildFile; fileRef = C90873412693728A00B88B60 /* CustomNavigation.swift */; };
		C959D851268D61760050E59F /* AdvancedInterviewProjectApp.swift in Sources */ = {isa = PBXBuildFile; fileRef = C959D850268D61760050E59F /* AdvancedInterviewProjectApp.swift */; };
		C959D853268D61760050E59F /* AdvancedInterviewProjectView.swift in Sources */ = {isa = PBXBuildFile; fileRef = C959D852268D61760050E59F /* AdvancedInterviewProjectView.swift */; };
		C959D855268D61770050E59F /* Assets.xcassets in Resources */ = {isa = PBXBuildFile; fileRef = C959D854268D61770050E59F /* Assets.xcassets */; };
		C959D858268D61770050E59F /* Preview Assets.xcassets in Resources */ = {isa = PBXBuildFile; fileRef = C959D857268D61770050E59F /* Preview Assets.xcassets */; };
		C959D862268D7ADC0050E59F /* ButtonColors.swift in Sources */ = {isa = PBXBuildFile; fileRef = C959D861268D7ADC0050E59F /* ButtonColors.swift */; };
		C959D867268D7C9E0050E59F /* ColorPickerView.swift in Sources */ = {isa = PBXBuildFile; fileRef = C959D866268D7C9E0050E59F /* ColorPickerView.swift */; };
		C959D86A268D7EE70050E59F /* Constants.swift in Sources */ = {isa = PBXBuildFile; fileRef = C959D869268D7EE70050E59F /* Constants.swift */; };
		C959D873268D82900050E59F /* ColorPickerViewModel.swift in Sources */ = {isa = PBXBuildFile; fileRef = C959D872268D82900050E59F /* ColorPickerViewModel.swift */; };
		C959D878268E29960050E59F /* ColorPickerButton.swift in Sources */ = {isa = PBXBuildFile; fileRef = C959D877268E29960050E59F /* ColorPickerButton.swift */; };
		C959D88726902DF80050E59F /* ImageTestModel.swift in Sources */ = {isa = PBXBuildFile; fileRef = C959D88626902DF70050E59F /* ImageTestModel.swift */; };
		C95CBB5326940F8400C8C389 /* GiphyResponse.swift in Sources */ = {isa = PBXBuildFile; fileRef = C95CBB5226940F8400C8C389 /* GiphyResponse.swift */; };
		C95CBB58269410B600C8C389 /* GiphySetup.swift in Sources */ = {isa = PBXBuildFile; fileRef = C95CBB57269410B600C8C389 /* GiphySetup.swift */; };
		C97BE75C2690323F0042914D /* ImageTestViewModel.swift in Sources */ = {isa = PBXBuildFile; fileRef = C97BE75B2690323F0042914D /* ImageTestViewModel.swift */; };
		C97BFA2C26C33B8500520A51 /* AIPView.swift in Sources */ = {isa = PBXBuildFile; fileRef = C97BFA2B26C33B8500520A51 /* AIPView.swift */; };
		C9A4CDD32693000300D5203D /* CustomTextField.swift in Sources */ = {isa = PBXBuildFile; fileRef = C9A4CDD22693000300D5203D /* CustomTextField.swift */; };
		C9AB61022695468C00271008 /* NetworkManager.swift in Sources */ = {isa = PBXBuildFile; fileRef = C9AB61012695468C00271008 /* NetworkManager.swift */; };
/* End PBXBuildFile section */

/* Begin PBXFileReference section */
		4E031A0B269CF16500180C93 /* GIFTestViewModel.swift */ = {isa = PBXFileReference; lastKnownFileType = sourcecode.swift; path = GIFTestViewModel.swift; sourceTree = "<group>"; };
		4E031A0E269D0C0D00180C93 /* GIFModel.swift */ = {isa = PBXFileReference; lastKnownFileType = sourcecode.swift; path = GIFModel.swift; sourceTree = "<group>"; };
		4E17F472268E69EE0036FF8F /* ColorPickerText.swift */ = {isa = PBXFileReference; lastKnownFileType = sourcecode.swift; path = ColorPickerText.swift; sourceTree = "<group>"; };
		4E48CCC3268F726F007D759B /* ImageTestView.swift */ = {isa = PBXFileReference; lastKnownFileType = sourcecode.swift; path = ImageTestView.swift; sourceTree = "<group>"; };
		4E6C4FFB2696176700013C83 /* NetworkError.swift */ = {isa = PBXFileReference; lastKnownFileType = sourcecode.swift; path = NetworkError.swift; sourceTree = "<group>"; };
		4E6C4FFE26961BFF00013C83 /* TenorURL.swift */ = {isa = PBXFileReference; lastKnownFileType = sourcecode.swift; path = TenorURL.swift; sourceTree = "<group>"; };
		4E729B96269CC08000E7D465 /* HStack+extensions.swift */ = {isa = PBXFileReference; lastKnownFileType = sourcecode.swift; path = "HStack+extensions.swift"; sourceTree = "<group>"; };
		4E7D856C26BB27070004C190 /* LazyHorizontalGrid.swift */ = {isa = PBXFileReference; lastKnownFileType = sourcecode.swift; path = LazyHorizontalGrid.swift; sourceTree = "<group>"; };
		4E81899326A63AA700595476 /* error.gif */ = {isa = PBXFileReference; lastKnownFileType = image.gif; path = error.gif; sourceTree = "<group>"; };
		4E8B638626A246A9005946D0 /* Animate.swift */ = {isa = PBXFileReference; lastKnownFileType = sourcecode.swift; path = Animate.swift; sourceTree = "<group>"; };
		C908733B2693682A00B88B60 /* CustomImage.swift */ = {isa = PBXFileReference; lastKnownFileType = sourcecode.swift; path = CustomImage.swift; sourceTree = "<group>"; };
		C908733F26936DB300B88B60 /* GIFTestView.swift */ = {isa = PBXFileReference; lastKnownFileType = sourcecode.swift; path = GIFTestView.swift; sourceTree = "<group>"; };
		C90873412693728A00B88B60 /* CustomNavigation.swift */ = {isa = PBXFileReference; lastKnownFileType = sourcecode.swift; path = CustomNavigation.swift; sourceTree = "<group>"; };
		C959D84D268D61760050E59F /* AdvancedInterviewProject.app */ = {isa = PBXFileReference; explicitFileType = wrapper.application; includeInIndex = 0; path = AdvancedInterviewProject.app; sourceTree = BUILT_PRODUCTS_DIR; };
		C959D850268D61760050E59F /* AdvancedInterviewProjectApp.swift */ = {isa = PBXFileReference; lastKnownFileType = sourcecode.swift; path = AdvancedInterviewProjectApp.swift; sourceTree = "<group>"; };
		C959D852268D61760050E59F /* AdvancedInterviewProjectView.swift */ = {isa = PBXFileReference; lastKnownFileType = sourcecode.swift; path = AdvancedInterviewProjectView.swift; sourceTree = "<group>"; };
		C959D854268D61770050E59F /* Assets.xcassets */ = {isa = PBXFileReference; lastKnownFileType = folder.assetcatalog; path = Assets.xcassets; sourceTree = "<group>"; };
		C959D857268D61770050E59F /* Preview Assets.xcassets */ = {isa = PBXFileReference; lastKnownFileType = folder.assetcatalog; path = "Preview Assets.xcassets"; sourceTree = "<group>"; };
		C959D859268D61770050E59F /* Info.plist */ = {isa = PBXFileReference; lastKnownFileType = text.plist.xml; path = Info.plist; sourceTree = "<group>"; };
		C959D861268D7ADC0050E59F /* ButtonColors.swift */ = {isa = PBXFileReference; lastKnownFileType = sourcecode.swift; path = ButtonColors.swift; sourceTree = "<group>"; };
		C959D866268D7C9E0050E59F /* ColorPickerView.swift */ = {isa = PBXFileReference; lastKnownFileType = sourcecode.swift; path = ColorPickerView.swift; sourceTree = "<group>"; };
		C959D869268D7EE70050E59F /* Constants.swift */ = {isa = PBXFileReference; lastKnownFileType = sourcecode.swift; path = Constants.swift; sourceTree = "<group>"; };
		C959D872268D82900050E59F /* ColorPickerViewModel.swift */ = {isa = PBXFileReference; lastKnownFileType = sourcecode.swift; path = ColorPickerViewModel.swift; sourceTree = "<group>"; };
		C959D877268E29960050E59F /* ColorPickerButton.swift */ = {isa = PBXFileReference; lastKnownFileType = sourcecode.swift; path = ColorPickerButton.swift; sourceTree = "<group>"; };
		C959D88626902DF70050E59F /* ImageTestModel.swift */ = {isa = PBXFileReference; lastKnownFileType = sourcecode.swift; path = ImageTestModel.swift; sourceTree = "<group>"; };
		C95CBB5226940F8400C8C389 /* GiphyResponse.swift */ = {isa = PBXFileReference; lastKnownFileType = sourcecode.swift; path = GiphyResponse.swift; sourceTree = "<group>"; };
		C95CBB57269410B600C8C389 /* GiphySetup.swift */ = {isa = PBXFileReference; lastKnownFileType = sourcecode.swift; path = GiphySetup.swift; sourceTree = "<group>"; };
		C97BE75B2690323F0042914D /* ImageTestViewModel.swift */ = {isa = PBXFileReference; lastKnownFileType = sourcecode.swift; path = ImageTestViewModel.swift; sourceTree = "<group>"; };
		C97BFA2B26C33B8500520A51 /* AIPView.swift */ = {isa = PBXFileReference; lastKnownFileType = sourcecode.swift; path = AIPView.swift; sourceTree = "<group>"; };
		C9A4CDD22693000300D5203D /* CustomTextField.swift */ = {isa = PBXFileReference; lastKnownFileType = sourcecode.swift; path = CustomTextField.swift; sourceTree = "<group>"; };
		C9AB61012695468C00271008 /* NetworkManager.swift */ = {isa = PBXFileReference; lastKnownFileType = sourcecode.swift; path = NetworkManager.swift; sourceTree = "<group>"; };
/* End PBXFileReference section */

/* Begin PBXFrameworksBuildPhase section */
		C959D84A268D61760050E59F /* Frameworks */ = {
			isa = PBXFrameworksBuildPhase;
			buildActionMask = 2147483647;
			files = (
			);
			runOnlyForDeploymentPostprocessing = 0;
		};
/* End PBXFrameworksBuildPhase section */

/* Begin PBXGroup section */
		4E17F475268E6A0C0036FF8F /* Text */ = {
			isa = PBXGroup;
			children = (
				4E17F472268E69EE0036FF8F /* ColorPickerText.swift */,
			);
			path = Text;
			sourceTree = "<group>";
		};
		4E729B93269CA47100E7D465 /* Navigation */ = {
			isa = PBXGroup;
			children = (
				C90873412693728A00B88B60 /* CustomNavigation.swift */,
			);
			path = Navigation;
			sourceTree = "<group>";
		};
		4EE8D46C268E33CA000B7CD3 /* Extensions */ = {
			isa = PBXGroup;
			children = (
				4E729B96269CC08000E7D465 /* HStack+extensions.swift */,
			);
			path = Extensions;
			sourceTree = "<group>";
		};
		4EF9CA3026B9B9EC0033E94A /* Enums */ = {
			isa = PBXGroup;
			children = (
				4E6C4FFB2696176700013C83 /* NetworkError.swift */,
				4E6C4FFE26961BFF00013C83 /* TenorURL.swift */,
			);
			path = Enums;
			sourceTree = "<group>";
		};
		C908733D2693692200B88B60 /* TextField */ = {
			isa = PBXGroup;
			children = (
				C9A4CDD22693000300D5203D /* CustomTextField.swift */,
			);
			path = TextField;
			sourceTree = "<group>";
		};
		C908733E2693692C00B88B60 /* Image */ = {
			isa = PBXGroup;
			children = (
				C908733B2693682A00B88B60 /* CustomImage.swift */,
			);
			path = Image;
			sourceTree = "<group>";
		};
		C959D844268D61760050E59F = {
			isa = PBXGroup;
			children = (
				C959D84F268D61760050E59F /* AdvancedInterviewProject */,
				C959D84E268D61760050E59F /* Products */,
			);
			sourceTree = "<group>";
		};
		C959D84E268D61760050E59F /* Products */ = {
			isa = PBXGroup;
			children = (
				C959D84D268D61760050E59F /* AdvancedInterviewProject.app */,
			);
			name = Products;
			sourceTree = "<group>";
		};
		C959D84F268D61760050E59F /* AdvancedInterviewProject */ = {
			isa = PBXGroup;
			children = (
				C959D850268D61760050E59F /* AdvancedInterviewProjectApp.swift */,
				C95CBB5426940FBC00C8C389 /* Network */,
				C959D86F268D81880050E59F /* Views */,
				C959D854268D61770050E59F /* Assets.xcassets */,
				C959D859268D61770050E59F /* Info.plist */,
				C959D856268D61770050E59F /* Preview Content */,
				C959D864268D7C050050E59F /* Models */,
				C959D86C268D7FD80050E59F /* Lib */,
				C959D875268D84380050E59F /* View Models */,
			);
			path = AdvancedInterviewProject;
			sourceTree = "<group>";
		};
		C959D856268D61770050E59F /* Preview Content */ = {
			isa = PBXGroup;
			children = (
				C959D857268D61770050E59F /* Preview Assets.xcassets */,
			);
			path = "Preview Content";
			sourceTree = "<group>";
		};
		C959D864268D7C050050E59F /* Models */ = {
			isa = PBXGroup;
			children = (
				C959D861268D7ADC0050E59F /* ButtonColors.swift */,
				C959D88626902DF70050E59F /* ImageTestModel.swift */,
				C95CBB5226940F8400C8C389 /* GiphyResponse.swift */,
				4E031A0E269D0C0D00180C93 /* GIFModel.swift */,
			);
			path = Models;
			sourceTree = "<group>";
		};
		C959D86C268D7FD80050E59F /* Lib */ = {
			isa = PBXGroup;
			children = (
				4EE8D46C268E33CA000B7CD3 /* Extensions */,
				4EF9CA3026B9B9EC0033E94A /* Enums */,
				C959D869268D7EE70050E59F /* Constants.swift */,
				4E8B638626A246A9005946D0 /* Animate.swift */,
				4E81899326A63AA700595476 /* error.gif */,
			);
			path = Lib;
			sourceTree = "<group>";
		};
		C959D86F268D81880050E59F /* Views */ = {
			isa = PBXGroup;
			children = (
				C959D87A268E299A0050E59F /* Buttons */,
				4E17F475268E6A0C0036FF8F /* Text */,
				C908733D2693692200B88B60 /* TextField */,
				C908733E2693692C00B88B60 /* Image */,
				4E729B93269CA47100E7D465 /* Navigation */,
				C97BFA2D26C33BAA00520A51 /* View */,
				C959D852268D61760050E59F /* AdvancedInterviewProjectView.swift */,
				C959D866268D7C9E0050E59F /* ColorPickerView.swift */,
				4E48CCC3268F726F007D759B /* ImageTestView.swift */,
				C908733F26936DB300B88B60 /* GIFTestView.swift */,
				4E7D856C26BB27070004C190 /* LazyHorizontalGrid.swift */,
			);
			path = Views;
			sourceTree = "<group>";
		};
		C959D875268D84380050E59F /* View Models */ = {
			isa = PBXGroup;
			children = (
				C959D872268D82900050E59F /* ColorPickerViewModel.swift */,
				C97BE75B2690323F0042914D /* ImageTestViewModel.swift */,
				4E031A0B269CF16500180C93 /* GIFTestViewModel.swift */,
			);
			path = "View Models";
			sourceTree = "<group>";
		};
		C959D87A268E299A0050E59F /* Buttons */ = {
			isa = PBXGroup;
			children = (
				C959D877268E29960050E59F /* ColorPickerButton.swift */,
			);
			path = Buttons;
			sourceTree = "<group>";
		};
		C95CBB5426940FBC00C8C389 /* Network */ = {
			isa = PBXGroup;
			children = (
				C95CBB57269410B600C8C389 /* GiphySetup.swift */,
				C9AB61012695468C00271008 /* NetworkManager.swift */,
			);
			path = Network;
			sourceTree = "<group>";
		};
		C97BFA2D26C33BAA00520A51 /* View */ = {
			isa = PBXGroup;
			children = (
				C97BFA2B26C33B8500520A51 /* AIPView.swift */,
			);
			path = View;
			sourceTree = "<group>";
		};
/* End PBXGroup section */

/* Begin PBXNativeTarget section */
		C959D84C268D61760050E59F /* AdvancedInterviewProject */ = {
			isa = PBXNativeTarget;
			buildConfigurationList = C959D85C268D61770050E59F /* Build configuration list for PBXNativeTarget "AdvancedInterviewProject" */;
			buildPhases = (
				C959D849268D61760050E59F /* Sources */,
				C959D84A268D61760050E59F /* Frameworks */,
				C959D84B268D61760050E59F /* Resources */,
			);
			buildRules = (
			);
			dependencies = (
			);
			name = AdvancedInterviewProject;
			productName = AdvancedInterviewProject;
			productReference = C959D84D268D61760050E59F /* AdvancedInterviewProject.app */;
			productType = "com.apple.product-type.application";
		};
/* End PBXNativeTarget section */

/* Begin PBXProject section */
		C959D845268D61760050E59F /* Project object */ = {
			isa = PBXProject;
			attributes = {
				LastSwiftUpdateCheck = 1230;
				LastUpgradeCheck = 1230;
				TargetAttributes = {
					C959D84C268D61760050E59F = {
						CreatedOnToolsVersion = 12.3;
					};
				};
			};
			buildConfigurationList = C959D848268D61760050E59F /* Build configuration list for PBXProject "AdvancedInterviewProject" */;
			compatibilityVersion = "Xcode 9.3";
			developmentRegion = en;
			hasScannedForEncodings = 0;
			knownRegions = (
				en,
				Base,
			);
			mainGroup = C959D844268D61760050E59F;
			productRefGroup = C959D84E268D61760050E59F /* Products */;
			projectDirPath = "";
			projectRoot = "";
			targets = (
				C959D84C268D61760050E59F /* AdvancedInterviewProject */,
			);
		};
/* End PBXProject section */

/* Begin PBXResourcesBuildPhase section */
		C959D84B268D61760050E59F /* Resources */ = {
			isa = PBXResourcesBuildPhase;
			buildActionMask = 2147483647;
			files = (
				C959D858268D61770050E59F /* Preview Assets.xcassets in Resources */,
				C959D855268D61770050E59F /* Assets.xcassets in Resources */,
				4E81899426A63AA700595476 /* error.gif in Resources */,
			);
			runOnlyForDeploymentPostprocessing = 0;
		};
/* End PBXResourcesBuildPhase section */

/* Begin PBXSourcesBuildPhase section */
		C959D849268D61760050E59F /* Sources */ = {
			isa = PBXSourcesBuildPhase;
			buildActionMask = 2147483647;
			files = (
				C959D878268E29960050E59F /* ColorPickerButton.swift in Sources */,
				C97BFA2C26C33B8500520A51 /* AIPView.swift in Sources */,
				C959D873268D82900050E59F /* ColorPickerViewModel.swift in Sources */,
				C959D86A268D7EE70050E59F /* Constants.swift in Sources */,
				4E6C4FFF26961BFF00013C83 /* TenorURL.swift in Sources */,
				4E031A0F269D0C0D00180C93 /* GIFModel.swift in Sources */,
				C959D867268D7C9E0050E59F /* ColorPickerView.swift in Sources */,
				4E17F473268E69EE0036FF8F /* ColorPickerText.swift in Sources */,
				C95CBB58269410B600C8C389 /* GiphySetup.swift in Sources */,
				C908734026936DB300B88B60 /* GIFTestView.swift in Sources */,
				C959D853268D61760050E59F /* AdvancedInterviewProjectView.swift in Sources */,
				4E031A0C269CF16500180C93 /* GIFTestViewModel.swift in Sources */,
				4E6C4FFC2696176700013C83 /* NetworkError.swift in Sources */,
				4E729B97269CC08000E7D465 /* HStack+extensions.swift in Sources */,
				C90873422693728A00B88B60 /* CustomNavigation.swift in Sources */,
				C959D862268D7ADC0050E59F /* ButtonColors.swift in Sources */,
				C9AB61022695468C00271008 /* NetworkManager.swift in Sources */,
				4E48CCC4268F726F007D759B /* ImageTestView.swift in Sources */,
				4E7D856D26BB27070004C190 /* LazyHorizontalGrid.swift in Sources */,
				4E8B638726A246A9005946D0 /* Animate.swift in Sources */,
				C959D851268D61760050E59F /* AdvancedInterviewProjectApp.swift in Sources */,
				C97BE75C2690323F0042914D /* ImageTestViewModel.swift in Sources */,
				C959D88726902DF80050E59F /* ImageTestModel.swift in Sources */,
				C95CBB5326940F8400C8C389 /* GiphyResponse.swift in Sources */,
				C908733C2693682A00B88B60 /* CustomImage.swift in Sources */,
				C9A4CDD32693000300D5203D /* CustomTextField.swift in Sources */,
			);
			runOnlyForDeploymentPostprocessing = 0;
		};
/* End PBXSourcesBuildPhase section */

/* Begin XCBuildConfiguration section */
		C959D85A268D61770050E59F /* Debug */ = {
			isa = XCBuildConfiguration;
			buildSettings = {
				ALWAYS_SEARCH_USER_PATHS = NO;
				CLANG_ANALYZER_NONNULL = YES;
				CLANG_ANALYZER_NUMBER_OBJECT_CONVERSION = YES_AGGRESSIVE;
				CLANG_CXX_LANGUAGE_STANDARD = "gnu++14";
				CLANG_CXX_LIBRARY = "libc++";
				CLANG_ENABLE_MODULES = YES;
				CLANG_ENABLE_OBJC_ARC = YES;
				CLANG_ENABLE_OBJC_WEAK = YES;
				CLANG_WARN_BLOCK_CAPTURE_AUTORELEASING = YES;
				CLANG_WARN_BOOL_CONVERSION = YES;
				CLANG_WARN_COMMA = YES;
				CLANG_WARN_CONSTANT_CONVERSION = YES;
				CLANG_WARN_DEPRECATED_OBJC_IMPLEMENTATIONS = YES;
				CLANG_WARN_DIRECT_OBJC_ISA_USAGE = YES_ERROR;
				CLANG_WARN_DOCUMENTATION_COMMENTS = YES;
				CLANG_WARN_EMPTY_BODY = YES;
				CLANG_WARN_ENUM_CONVERSION = YES;
				CLANG_WARN_INFINITE_RECURSION = YES;
				CLANG_WARN_INT_CONVERSION = YES;
				CLANG_WARN_NON_LITERAL_NULL_CONVERSION = YES;
				CLANG_WARN_OBJC_IMPLICIT_RETAIN_SELF = YES;
				CLANG_WARN_OBJC_LITERAL_CONVERSION = YES;
				CLANG_WARN_OBJC_ROOT_CLASS = YES_ERROR;
				CLANG_WARN_QUOTED_INCLUDE_IN_FRAMEWORK_HEADER = YES;
				CLANG_WARN_RANGE_LOOP_ANALYSIS = YES;
				CLANG_WARN_STRICT_PROTOTYPES = YES;
				CLANG_WARN_SUSPICIOUS_MOVE = YES;
				CLANG_WARN_UNGUARDED_AVAILABILITY = YES_AGGRESSIVE;
				CLANG_WARN_UNREACHABLE_CODE = YES;
				CLANG_WARN__DUPLICATE_METHOD_MATCH = YES;
				COPY_PHASE_STRIP = NO;
				DEBUG_INFORMATION_FORMAT = dwarf;
				ENABLE_STRICT_OBJC_MSGSEND = YES;
				ENABLE_TESTABILITY = YES;
				GCC_C_LANGUAGE_STANDARD = gnu11;
				GCC_DYNAMIC_NO_PIC = NO;
				GCC_NO_COMMON_BLOCKS = YES;
				GCC_OPTIMIZATION_LEVEL = 0;
				GCC_PREPROCESSOR_DEFINITIONS = (
					"DEBUG=1",
					"$(inherited)",
				);
				GCC_WARN_64_TO_32_BIT_CONVERSION = YES;
				GCC_WARN_ABOUT_RETURN_TYPE = YES_ERROR;
				GCC_WARN_UNDECLARED_SELECTOR = YES;
				GCC_WARN_UNINITIALIZED_AUTOS = YES_AGGRESSIVE;
				GCC_WARN_UNUSED_FUNCTION = YES;
				GCC_WARN_UNUSED_VARIABLE = YES;
				IPHONEOS_DEPLOYMENT_TARGET = 14.3;
				MTL_ENABLE_DEBUG_INFO = INCLUDE_SOURCE;
				MTL_FAST_MATH = YES;
				ONLY_ACTIVE_ARCH = YES;
				SDKROOT = iphoneos;
				SWIFT_ACTIVE_COMPILATION_CONDITIONS = DEBUG;
				SWIFT_OPTIMIZATION_LEVEL = "-Onone";
			};
			name = Debug;
		};
		C959D85B268D61770050E59F /* Release */ = {
			isa = XCBuildConfiguration;
			buildSettings = {
				ALWAYS_SEARCH_USER_PATHS = NO;
				CLANG_ANALYZER_NONNULL = YES;
				CLANG_ANALYZER_NUMBER_OBJECT_CONVERSION = YES_AGGRESSIVE;
				CLANG_CXX_LANGUAGE_STANDARD = "gnu++14";
				CLANG_CXX_LIBRARY = "libc++";
				CLANG_ENABLE_MODULES = YES;
				CLANG_ENABLE_OBJC_ARC = YES;
				CLANG_ENABLE_OBJC_WEAK = YES;
				CLANG_WARN_BLOCK_CAPTURE_AUTORELEASING = YES;
				CLANG_WARN_BOOL_CONVERSION = YES;
				CLANG_WARN_COMMA = YES;
				CLANG_WARN_CONSTANT_CONVERSION = YES;
				CLANG_WARN_DEPRECATED_OBJC_IMPLEMENTATIONS = YES;
				CLANG_WARN_DIRECT_OBJC_ISA_USAGE = YES_ERROR;
				CLANG_WARN_DOCUMENTATION_COMMENTS = YES;
				CLANG_WARN_EMPTY_BODY = YES;
				CLANG_WARN_ENUM_CONVERSION = YES;
				CLANG_WARN_INFINITE_RECURSION = YES;
				CLANG_WARN_INT_CONVERSION = YES;
				CLANG_WARN_NON_LITERAL_NULL_CONVERSION = YES;
				CLANG_WARN_OBJC_IMPLICIT_RETAIN_SELF = YES;
				CLANG_WARN_OBJC_LITERAL_CONVERSION = YES;
				CLANG_WARN_OBJC_ROOT_CLASS = YES_ERROR;
				CLANG_WARN_QUOTED_INCLUDE_IN_FRAMEWORK_HEADER = YES;
				CLANG_WARN_RANGE_LOOP_ANALYSIS = YES;
				CLANG_WARN_STRICT_PROTOTYPES = YES;
				CLANG_WARN_SUSPICIOUS_MOVE = YES;
				CLANG_WARN_UNGUARDED_AVAILABILITY = YES_AGGRESSIVE;
				CLANG_WARN_UNREACHABLE_CODE = YES;
				CLANG_WARN__DUPLICATE_METHOD_MATCH = YES;
				COPY_PHASE_STRIP = NO;
				DEBUG_INFORMATION_FORMAT = "dwarf-with-dsym";
				ENABLE_NS_ASSERTIONS = NO;
				ENABLE_STRICT_OBJC_MSGSEND = YES;
				GCC_C_LANGUAGE_STANDARD = gnu11;
				GCC_NO_COMMON_BLOCKS = YES;
				GCC_WARN_64_TO_32_BIT_CONVERSION = YES;
				GCC_WARN_ABOUT_RETURN_TYPE = YES_ERROR;
				GCC_WARN_UNDECLARED_SELECTOR = YES;
				GCC_WARN_UNINITIALIZED_AUTOS = YES_AGGRESSIVE;
				GCC_WARN_UNUSED_FUNCTION = YES;
				GCC_WARN_UNUSED_VARIABLE = YES;
				IPHONEOS_DEPLOYMENT_TARGET = 14.3;
				MTL_ENABLE_DEBUG_INFO = NO;
				MTL_FAST_MATH = YES;
				SDKROOT = iphoneos;
				SWIFT_COMPILATION_MODE = wholemodule;
				SWIFT_OPTIMIZATION_LEVEL = "-O";
				VALIDATE_PRODUCT = YES;
			};
			name = Release;
		};
		C959D85D268D61770050E59F /* Debug */ = {
			isa = XCBuildConfiguration;
			buildSettings = {
				ASSETCATALOG_COMPILER_APPICON_NAME = AppIcon;
				ASSETCATALOG_COMPILER_GLOBAL_ACCENT_COLOR_NAME = AccentColor;
				CODE_SIGN_STYLE = Automatic;
				DEVELOPMENT_ASSET_PATHS = "\"AdvancedInterviewProject/Preview Content\"";
				DEVELOPMENT_TEAM = HBV336R3WK;
				ENABLE_PREVIEWS = YES;
				INFOPLIST_FILE = AdvancedInterviewProject/Info.plist;
				IPHONEOS_DEPLOYMENT_TARGET = 14.0;
				LD_RUNPATH_SEARCH_PATHS = (
					"$(inherited)",
					"@executable_path/Frameworks",
				);
				PRODUCT_BUNDLE_IDENTIFIER = com.mattstats.AdvancedInterviewProject;
				PRODUCT_NAME = "$(TARGET_NAME)";
				SWIFT_VERSION = 5.0;
				TARGETED_DEVICE_FAMILY = "1,2";
			};
			name = Debug;
		};
		C959D85E268D61770050E59F /* Release */ = {
			isa = XCBuildConfiguration;
			buildSettings = {
				ASSETCATALOG_COMPILER_APPICON_NAME = AppIcon;
				ASSETCATALOG_COMPILER_GLOBAL_ACCENT_COLOR_NAME = AccentColor;
				CODE_SIGN_STYLE = Automatic;
				DEVELOPMENT_ASSET_PATHS = "\"AdvancedInterviewProject/Preview Content\"";
				DEVELOPMENT_TEAM = HBV336R3WK;
				ENABLE_PREVIEWS = YES;
				INFOPLIST_FILE = AdvancedInterviewProject/Info.plist;
				IPHONEOS_DEPLOYMENT_TARGET = 14.0;
				LD_RUNPATH_SEARCH_PATHS = (
					"$(inherited)",
					"@executable_path/Frameworks",
				);
				PRODUCT_BUNDLE_IDENTIFIER = com.mattstats.AdvancedInterviewProject;
				PRODUCT_NAME = "$(TARGET_NAME)";
				SWIFT_VERSION = 5.0;
				TARGETED_DEVICE_FAMILY = "1,2";
			};
			name = Release;
		};
/* End XCBuildConfiguration section */

/* Begin XCConfigurationList section */
		C959D848268D61760050E59F /* Build configuration list for PBXProject "AdvancedInterviewProject" */ = {
			isa = XCConfigurationList;
			buildConfigurations = (
				C959D85A268D61770050E59F /* Debug */,
				C959D85B268D61770050E59F /* Release */,
			);
			defaultConfigurationIsVisible = 0;
			defaultConfigurationName = Release;
		};
		C959D85C268D61770050E59F /* Build configuration list for PBXNativeTarget "AdvancedInterviewProject" */ = {
			isa = XCConfigurationList;
			buildConfigurations = (
				C959D85D268D61770050E59F /* Debug */,
				C959D85E268D61770050E59F /* Release */,
			);
			defaultConfigurationIsVisible = 0;
			defaultConfigurationName = Release;
		};
/* End XCConfigurationList section */
	};
	rootObject = C959D845268D61760050E59F /* Project object */;
}
